
Microsoft Visual Studio Solution File, Format Version 12.00
# Visual Studio 14
VisualStudioVersion = 14.0.25123.0
MinimumVisualStudioVersion = 10.0.40219.1
Project("{8BC9CEB8-8B4A-11D0-8D11-00A0C91BC942}") = "intro to programing1", "intro to programing1\intro to programing1.vcxproj", "{22D3A619-0FED-4AC9-907C-CDB76EC7C4B9}"
EndProject
Project("{8BC9CEB8-8B4A-11D0-8D11-00A0C91BC942}") = "Project1", "Project1\Project1.vcxproj", "{13DE0F6A-7B9C-44CA-A002-CA01AB43DDA4}"
EndProject
Project("{8BC9CEB8-8B4A-11D0-8D11-00A0C91BC942}") = "Exercise-Variables", "Exercise-Variables\Exercise-Variables.vcxproj", "{32401AA7-F45B-448E-B03C-B63BC0F98760}"
EndProject
Project("{8BC9CEB8-8B4A-11D0-8D11-00A0C91BC942}") = "Exercise-Conditional Statement", "Exercise-Conditional Statement\Exercise-Conditional Statement.vcxproj", "{1708308C-E8A7-49D6-9658-4A2D9015E1C0}"
EndProject
Project("{8BC9CEB8-8B4A-11D0-8D11-00A0C91BC942}") = "Loops", "Loops\Loops.vcxproj", "{4621B80B-E5A8-41EB-A798-C86D92CE6A07}"
EndProject
Project("{8BC9CEB8-8B4A-11D0-8D11-00A0C91BC942}") = "array", "array\array.vcxproj", "{CF1FC714-E312-4FA0-8B1B-86982691C0EF}"
EndProject
Global
	GlobalSection(SolutionConfigurationPlatforms) = preSolution
		Debug|x64 = Debug|x64
		Debug|x86 = Debug|x86
		Release|x64 = Release|x64
		Release|x86 = Release|x86
	EndGlobalSection
	GlobalSection(ProjectConfigurationPlatforms) = postSolution
		{22D3A619-0FED-4AC9-907C-CDB76EC7C4B9}.Debug|x64.ActiveCfg = Debug|x64
		{22D3A619-0FED-4AC9-907C-CDB76EC7C4B9}.Debug|x64.Build.0 = Debug|x64
		{22D3A619-0FED-4AC9-907C-CDB76EC7C4B9}.Debug|x86.ActiveCfg = Debug|Win32
		{22D3A619-0FED-4AC9-907C-CDB76EC7C4B9}.Debug|x86.Build.0 = Debug|Win32
		{22D3A619-0FED-4AC9-907C-CDB76EC7C4B9}.Release|x64.ActiveCfg = Release|x64
		{22D3A619-0FED-4AC9-907C-CDB76EC7C4B9}.Release|x64.Build.0 = Release|x64
		{22D3A619-0FED-4AC9-907C-CDB76EC7C4B9}.Release|x86.ActiveCfg = Release|Win32
		{22D3A619-0FED-4AC9-907C-CDB76EC7C4B9}.Release|x86.Build.0 = Release|Win32
		{13DE0F6A-7B9C-44CA-A002-CA01AB43DDA4}.Debug|x64.ActiveCfg = Debug|x64
		{13DE0F6A-7B9C-44CA-A002-CA01AB43DDA4}.Debug|x64.Build.0 = Debug|x64
		{13DE0F6A-7B9C-44CA-A002-CA01AB43DDA4}.Debug|x86.ActiveCfg = Debug|Win32
		{13DE0F6A-7B9C-44CA-A002-CA01AB43DDA4}.Debug|x86.Build.0 = Debug|Win32
		{13DE0F6A-7B9C-44CA-A002-CA01AB43DDA4}.Release|x64.ActiveCfg = Release|x64
		{13DE0F6A-7B9C-44CA-A002-CA01AB43DDA4}.Release|x64.Build.0 = Release|x64
		{13DE0F6A-7B9C-44CA-A002-CA01AB43DDA4}.Release|x86.ActiveCfg = Release|Win32
		{13DE0F6A-7B9C-44CA-A002-CA01AB43DDA4}.Release|x86.Build.0 = Release|Win32
		{32401AA7-F45B-448E-B03C-B63BC0F98760}.Debug|x64.ActiveCfg = Debug|x64
		{32401AA7-F45B-448E-B03C-B63BC0F98760}.Debug|x64.Build.0 = Debug|x64
		{32401AA7-F45B-448E-B03C-B63BC0F98760}.Debug|x86.ActiveCfg = Debug|Win32
		{32401AA7-F45B-448E-B03C-B63BC0F98760}.Debug|x86.Build.0 = Debug|Win32
		{32401AA7-F45B-448E-B03C-B63BC0F98760}.Release|x64.ActiveCfg = Release|x64
		{32401AA7-F45B-448E-B03C-B63BC0F98760}.Release|x64.Build.0 = Release|x64
		{32401AA7-F45B-448E-B03C-B63BC0F98760}.Release|x86.ActiveCfg = Release|Win32
		{32401AA7-F45B-448E-B03C-B63BC0F98760}.Release|x86.Build.0 = Release|Win32
		{1708308C-E8A7-49D6-9658-4A2D9015E1C0}.Debug|x64.ActiveCfg = Debug|x64
		{1708308C-E8A7-49D6-9658-4A2D9015E1C0}.Debug|x64.Build.0 = Debug|x64
		{1708308C-E8A7-49D6-9658-4A2D9015E1C0}.Debug|x86.ActiveCfg = Debug|Win32
		{1708308C-E8A7-49D6-9658-4A2D9015E1C0}.Debug|x86.Build.0 = Debug|Win32
		{1708308C-E8A7-49D6-9658-4A2D9015E1C0}.Release|x64.ActiveCfg = Release|x64
		{1708308C-E8A7-49D6-9658-4A2D9015E1C0}.Release|x64.Build.0 = Release|x64
		{1708308C-E8A7-49D6-9658-4A2D9015E1C0}.Release|x86.ActiveCfg = Release|Win32
		{1708308C-E8A7-49D6-9658-4A2D9015E1C0}.Release|x86.Build.0 = Release|Win32
		{4621B80B-E5A8-41EB-A798-C86D92CE6A07}.Debug|x64.ActiveCfg = Debug|x64
		{4621B80B-E5A8-41EB-A798-C86D92CE6A07}.Debug|x64.Build.0 = Debug|x64
		{4621B80B-E5A8-41EB-A798-C86D92CE6A07}.Debug|x86.ActiveCfg = Debug|Win32
		{4621B80B-E5A8-41EB-A798-C86D92CE6A07}.Debug|x86.Build.0 = Debug|Win32
		{4621B80B-E5A8-41EB-A798-C86D92CE6A07}.Release|x64.ActiveCfg = Release|x64
		{4621B80B-E5A8-41EB-A798-C86D92CE6A07}.Release|x64.Build.0 = Release|x64
		{4621B80B-E5A8-41EB-A798-C86D92CE6A07}.Release|x86.ActiveCfg = Release|Win32
		{4621B80B-E5A8-41EB-A798-C86D92CE6A07}.Release|x86.Build.0 = Release|Win32
		{CF1FC714-E312-4FA0-8B1B-86982691C0EF}.Debug|x64.ActiveCfg = Debug|x64
		{CF1FC714-E312-4FA0-8B1B-86982691C0EF}.Debug|x64.Build.0 = Debug|x64
		{CF1FC714-E312-4FA0-8B1B-86982691C0EF}.Debug|x86.ActiveCfg = Debug|Win32
		{CF1FC714-E312-4FA0-8B1B-86982691C0EF}.Debug|x86.Build.0 = Debug|Win32
		{CF1FC714-E312-4FA0-8B1B-86982691C0EF}.Release|x64.ActiveCfg = Release|x64
		{CF1FC714-E312-4FA0-8B1B-86982691C0EF}.Release|x64.Build.0 = Release|x64
		{CF1FC714-E312-4FA0-8B1B-86982691C0EF}.Release|x86.ActiveCfg = Release|Win32
		{CF1FC714-E312-4FA0-8B1B-86982691C0EF}.Release|x86.Build.0 = Release|Win32
	EndGlobalSection
	GlobalSection(SolutionProperties) = preSolution
		HideSolutionNode = FALSE
	EndGlobalSection
EndGlobal
